
Microsoft Visual Studio Solution File, Format Version 12.00
# Visual Studio Version 16
VisualStudioVersion = 16.0.31424.327
MinimumVisualStudioVersion = 10.0.40219.1
Project("{FAE04EC0-301F-11D3-BF4B-00C04F79EFBC}") = "Studio3-Counting-Characters", "Studio3-Counting-Characters\Studio3-Counting-Characters.csproj", "{2202A7DC-DC06-40B0-A668-2E1E95867401}"
EndProject
Global
	GlobalSection(SolutionConfigurationPlatforms) = preSolution
		Debug|Any CPU = Debug|Any CPU
		Release|Any CPU = Release|Any CPU
	EndGlobalSection
	GlobalSection(ProjectConfigurationPlatforms) = postSolution
		{2202A7DC-DC06-40B0-A668-2E1E95867401}.Debug|Any CPU.ActiveCfg = Debug|Any CPU
		{2202A7DC-DC06-40B0-A668-2E1E95867401}.Debug|Any CPU.Build.0 = Debug|Any CPU
		{2202A7DC-DC06-40B0-A668-2E1E95867401}.Release|Any CPU.ActiveCfg = Release|Any CPU
		{2202A7DC-DC06-40B0-A668-2E1E95867401}.Release|Any CPU.Build.0 = Release|Any CPU
	EndGlobalSection
	GlobalSection(SolutionProperties) = preSolution
		HideSolutionNode = FALSE
	EndGlobalSection
	GlobalSection(ExtensibilityGlobals) = postSolution
		SolutionGuid = {327955BD-6D23-4794-803B-A902EE6BACFD}
	EndGlobalSection
EndGlobal
